
Microsoft Visual Studio Solution File, Format Version 12.00
# Visual Studio Version 16
VisualStudioVersion = 16.0.31624.102
MinimumVisualStudioVersion = 10.0.40219.1
Project("{9A19103F-16F7-4668-BE54-9A1E7A4F7556}") = "ObservabilityDemo.Api", "ObservabilityDemo.Api\ObservabilityDemo.Api.csproj", "{B1BA732E-8504-442F-9D41-FCE90A148E8A}"
EndProject
Project("{9A19103F-16F7-4668-BE54-9A1E7A4F7556}") = "ObservabilityDemo.InternalApi", "ObservabilityDemo.InternalApi\ObservabilityDemo.InternalApi.csproj", "{8B3DFCAD-9DC0-4C8B-B687-34B62C719691}"
EndProject
Project("{2150E333-8FDC-42A3-9474-1A3956D46DE8}") = "Solution Items", "Solution Items", "{A03BA649-70D0-4298-A696-14ED099B875B}"
EndProject
Project("{2150E333-8FDC-42A3-9474-1A3956D46DE8}") = "devops", "devops", "{6C50F899-369A-4863-9209-FDD399B1B4B8}"
	ProjectSection(SolutionItems) = preProject
		..\devops\azure-pipelines.yml = ..\devops\azure-pipelines.yml
		..\devops\docker-compose.yml = ..\devops\docker-compose.yml
		..\devops\Dockerfile = ..\devops\Dockerfile
		..\devops\kube.yml = ..\devops\kube.yml
		..\devops\variables.production.yml = ..\devops\variables.production.yml
		..\devops\variables.release.yml = ..\devops\variables.release.yml
	EndProjectSection
EndProject
Project("{2150E333-8FDC-42A3-9474-1A3956D46DE8}") = "github", "github", "{BA64C60F-78D9-49C1-9FAD-7886667D0272}"
	ProjectSection(SolutionItems) = preProject
		..\.github\CONTRIBUTING.md = ..\.github\CONTRIBUTING.md
		..\.github\ISSUE_TEMPLATE.md = ..\.github\ISSUE_TEMPLATE.md
		..\LICENSE = ..\LICENSE
		..\.github\PULL_REQUEST_TEMPLATE.md = ..\.github\PULL_REQUEST_TEMPLATE.md
		..\README.md = ..\README.md
	EndProjectSection
EndProject
Project("{2150E333-8FDC-42A3-9474-1A3956D46DE8}") = "git", "git", "{85CFC03E-93FE-4C10-AEAD-4412BCF316A2}"
EndProject
Project("{FAE04EC0-301F-11D3-BF4B-00C04F79EFBC}") = "ObservabilityDemo.LoggerSetup", "ObservabilityDemo.LoggerSetup\ObservabilityDemo.LoggerSetup.csproj", "{E1D748CE-029E-4807-BB17-223B16A33E65}"
EndProject
Global
	GlobalSection(SolutionConfigurationPlatforms) = preSolution
		Debug|Any CPU = Debug|Any CPU
		Release|Any CPU = Release|Any CPU
	EndGlobalSection
	GlobalSection(ProjectConfigurationPlatforms) = postSolution
		{B1BA732E-8504-442F-9D41-FCE90A148E8A}.Debug|Any CPU.ActiveCfg = Debug|Any CPU
		{B1BA732E-8504-442F-9D41-FCE90A148E8A}.Debug|Any CPU.Build.0 = Debug|Any CPU
		{B1BA732E-8504-442F-9D41-FCE90A148E8A}.Release|Any CPU.ActiveCfg = Release|Any CPU
		{B1BA732E-8504-442F-9D41-FCE90A148E8A}.Release|Any CPU.Build.0 = Release|Any CPU
		{8B3DFCAD-9DC0-4C8B-B687-34B62C719691}.Debug|Any CPU.ActiveCfg = Debug|Any CPU
		{8B3DFCAD-9DC0-4C8B-B687-34B62C719691}.Debug|Any CPU.Build.0 = Debug|Any CPU
		{8B3DFCAD-9DC0-4C8B-B687-34B62C719691}.Release|Any CPU.ActiveCfg = Release|Any CPU
		{8B3DFCAD-9DC0-4C8B-B687-34B62C719691}.Release|Any CPU.Build.0 = Release|Any CPU
		{E1D748CE-029E-4807-BB17-223B16A33E65}.Debug|Any CPU.ActiveCfg = Debug|Any CPU
		{E1D748CE-029E-4807-BB17-223B16A33E65}.Debug|Any CPU.Build.0 = Debug|Any CPU
		{E1D748CE-029E-4807-BB17-223B16A33E65}.Release|Any CPU.ActiveCfg = Release|Any CPU
		{E1D748CE-029E-4807-BB17-223B16A33E65}.Release|Any CPU.Build.0 = Release|Any CPU
	EndGlobalSection
	GlobalSection(SolutionProperties) = preSolution
		HideSolutionNode = FALSE
	EndGlobalSection
	GlobalSection(NestedProjects) = preSolution
		{6C50F899-369A-4863-9209-FDD399B1B4B8} = {A03BA649-70D0-4298-A696-14ED099B875B}
		{BA64C60F-78D9-49C1-9FAD-7886667D0272} = {A03BA649-70D0-4298-A696-14ED099B875B}
		{85CFC03E-93FE-4C10-AEAD-4412BCF316A2} = {A03BA649-70D0-4298-A696-14ED099B875B}
	EndGlobalSection
	GlobalSection(ExtensibilityGlobals) = postSolution
		SolutionGuid = {6CFA08C2-1308-4237-A3F3-27BF88FCD053}
	EndGlobalSection
EndGlobal
